
Microsoft Visual Studio Solution File, Format Version 12.00
# Visual Studio Version 17
VisualStudioVersion = 17.0.31903.59
MinimumVisualStudioVersion = 10.0.40219.1
Project("{FAE04EC0-301F-11D3-BF4B-00C04F79EFBC}") = "EsmatPlastic.Domain", "EsmatPlastic.Domain\EsmatPlastic.Domain.csproj", "{DE51F786-4ECD-4380-A5D2-028ED7F7D840}"
EndProject
Project("{FAE04EC0-301F-11D3-BF4B-00C04F79EFBC}") = "EsmatPlastic.Infrastructure", "EsmatPlastic.Infrastructure\EsmatPlastic.Infrastructure.csproj", "{52B1FB62-48FD-410D-8493-D6D20F02242B}"
EndProject
Project("{FAE04EC0-301F-11D3-BF4B-00C04F79EFBC}") = "EsmatPlastic.API", "EsmatPlastic.API\EsmatPlastic.API.csproj", "{D4FD2CBA-FFDD-4743-A9D3-64372A02C848}"
EndProject
Project("{FAE04EC0-301F-11D3-BF4B-00C04F79EFBC}") = "EsmatPlastic.Desktop", "EsmatPlastic.Desktop\EsmatPlastic.Desktop.csproj", "{43B1332B-B921-4A53-BEC0-D75653B37E7B}"
EndProject
Project("{FAE04EC0-301F-11D3-BF4B-00C04F79EFBC}") = "EsmatPlastic.UpdatePublisher", "EsmatPlastic.UpdatePublisher\EsmatPlastic.UpdatePublisher.csproj", "{2D8865F9-51EF-4152-A458-4E180ADE7D7A}"
EndProject
Project("{FAE04EC0-301F-11D3-BF4B-00C04F79EFBC}") = "EsmatPlastic.Mobile", "EsmatPlastic.Mobile\EsmatPlastic.Mobile.csproj", "{47861E55-526A-44A1-B3E6-89C10855D791}"
EndProject
Project("{FAE04EC0-301F-11D3-BF4B-00C04F79EFBC}") = "EsmatPlastic.Shared", "EsmatPlastic.Shared\EsmatPlastic.Shared.csproj", "{E156CA78-94B2-4E93-81ED-4CF26E8A9C18}"
EndProject
Global
	GlobalSection(SolutionConfigurationPlatforms) = preSolution
		Debug|Any CPU = Debug|Any CPU
		Debug|x64 = Debug|x64
		Debug|x86 = Debug|x86
		Release|Any CPU = Release|Any CPU
		Release|x64 = Release|x64
		Release|x86 = Release|x86
	EndGlobalSection
	GlobalSection(ProjectConfigurationPlatforms) = postSolution
		{DE51F786-4ECD-4380-A5D2-028ED7F7D840}.Debug|Any CPU.ActiveCfg = Debug|Any CPU
		{DE51F786-4ECD-4380-A5D2-028ED7F7D840}.Debug|Any CPU.Build.0 = Debug|Any CPU
		{DE51F786-4ECD-4380-A5D2-028ED7F7D840}.Debug|x64.ActiveCfg = Debug|Any CPU
		{DE51F786-4ECD-4380-A5D2-028ED7F7D840}.Debug|x64.Build.0 = Debug|Any CPU
		{DE51F786-4ECD-4380-A5D2-028ED7F7D840}.Debug|x86.ActiveCfg = Debug|Any CPU
		{DE51F786-4ECD-4380-A5D2-028ED7F7D840}.Debug|x86.Build.0 = Debug|Any CPU
		{DE51F786-4ECD-4380-A5D2-028ED7F7D840}.Release|Any CPU.ActiveCfg = Release|Any CPU
		{DE51F786-4ECD-4380-A5D2-028ED7F7D840}.Release|Any CPU.Build.0 = Release|Any CPU
		{DE51F786-4ECD-4380-A5D2-028ED7F7D840}.Release|x64.ActiveCfg = Release|Any CPU
		{DE51F786-4ECD-4380-A5D2-028ED7F7D840}.Release|x64.Build.0 = Release|Any CPU
		{DE51F786-4ECD-4380-A5D2-028ED7F7D840}.Release|x86.ActiveCfg = Release|Any CPU
		{DE51F786-4ECD-4380-A5D2-028ED7F7D840}.Release|x86.Build.0 = Release|Any CPU
		{52B1FB62-48FD-410D-8493-D6D20F02242B}.Debug|Any CPU.ActiveCfg = Debug|Any CPU
		{52B1FB62-48FD-410D-8493-D6D20F02242B}.Debug|Any CPU.Build.0 = Debug|Any CPU
		{52B1FB62-48FD-410D-8493-D6D20F02242B}.Debug|x64.ActiveCfg = Debug|Any CPU
		{52B1FB62-48FD-410D-8493-D6D20F02242B}.Debug|x64.Build.0 = Debug|Any CPU
		{52B1FB62-48FD-410D-8493-D6D20F02242B}.Debug|x86.ActiveCfg = Debug|Any CPU
		{52B1FB62-48FD-410D-8493-D6D20F02242B}.Debug|x86.Build.0 = Debug|Any CPU
		{52B1FB62-48FD-410D-8493-D6D20F02242B}.Release|Any CPU.ActiveCfg = Release|Any CPU
		{52B1FB62-48FD-410D-8493-D6D20F02242B}.Release|Any CPU.Build.0 = Release|Any CPU
		{52B1FB62-48FD-410D-8493-D6D20F02242B}.Release|x64.ActiveCfg = Release|Any CPU
		{52B1FB62-48FD-410D-8493-D6D20F02242B}.Release|x64.Build.0 = Release|Any CPU
		{52B1FB62-48FD-410D-8493-D6D20F02242B}.Release|x86.ActiveCfg = Release|Any CPU
		{52B1FB62-48FD-410D-8493-D6D20F02242B}.Release|x86.Build.0 = Release|Any CPU
		{D4FD2CBA-FFDD-4743-A9D3-64372A02C848}.Debug|Any CPU.ActiveCfg = Debug|Any CPU
		{D4FD2CBA-FFDD-4743-A9D3-64372A02C848}.Debug|Any CPU.Build.0 = Debug|Any CPU
		{D4FD2CBA-FFDD-4743-A9D3-64372A02C848}.Debug|x64.ActiveCfg = Debug|Any CPU
		{D4FD2CBA-FFDD-4743-A9D3-64372A02C848}.Debug|x64.Build.0 = Debug|Any CPU
		{D4FD2CBA-FFDD-4743-A9D3-64372A02C848}.Debug|x86.ActiveCfg = Debug|Any CPU
		{D4FD2CBA-FFDD-4743-A9D3-64372A02C848}.Debug|x86.Build.0 = Debug|Any CPU
		{D4FD2CBA-FFDD-4743-A9D3-64372A02C848}.Release|Any CPU.ActiveCfg = Release|Any CPU
		{D4FD2CBA-FFDD-4743-A9D3-64372A02C848}.Release|Any CPU.Build.0 = Release|Any CPU
		{D4FD2CBA-FFDD-4743-A9D3-64372A02C848}.Release|x64.ActiveCfg = Release|Any CPU
		{D4FD2CBA-FFDD-4743-A9D3-64372A02C848}.Release|x64.Build.0 = Release|Any CPU
		{D4FD2CBA-FFDD-4743-A9D3-64372A02C848}.Release|x86.ActiveCfg = Release|Any CPU
		{D4FD2CBA-FFDD-4743-A9D3-64372A02C848}.Release|x86.Build.0 = Release|Any CPU
		{43B1332B-B921-4A53-BEC0-D75653B37E7B}.Debug|Any CPU.ActiveCfg = Debug|Any CPU
		{43B1332B-B921-4A53-BEC0-D75653B37E7B}.Debug|Any CPU.Build.0 = Debug|Any CPU
		{43B1332B-B921-4A53-BEC0-D75653B37E7B}.Debug|x64.ActiveCfg = Debug|Any CPU
		{43B1332B-B921-4A53-BEC0-D75653B37E7B}.Debug|x64.Build.0 = Debug|Any CPU
		{43B1332B-B921-4A53-BEC0-D75653B37E7B}.Debug|x86.ActiveCfg = Debug|Any CPU
		{43B1332B-B921-4A53-BEC0-D75653B37E7B}.Debug|x86.Build.0 = Debug|Any CPU
		{43B1332B-B921-4A53-BEC0-D75653B37E7B}.Release|Any CPU.ActiveCfg = Release|Any CPU
		{43B1332B-B921-4A53-BEC0-D75653B37E7B}.Release|Any CPU.Build.0 = Release|Any CPU
		{43B1332B-B921-4A53-BEC0-D75653B37E7B}.Release|x64.ActiveCfg = Release|Any CPU
		{43B1332B-B921-4A53-BEC0-D75653B37E7B}.Release|x64.Build.0 = Release|Any CPU
		{43B1332B-B921-4A53-BEC0-D75653B37E7B}.Release|x86.ActiveCfg = Release|Any CPU
		{43B1332B-B921-4A53-BEC0-D75653B37E7B}.Release|x86.Build.0 = Release|Any CPU
		{2D8865F9-51EF-4152-A458-4E180ADE7D7A}.Debug|Any CPU.ActiveCfg = Debug|Any CPU
		{2D8865F9-51EF-4152-A458-4E180ADE7D7A}.Debug|Any CPU.Build.0 = Debug|Any CPU
		{2D8865F9-51EF-4152-A458-4E180ADE7D7A}.Debug|x64.ActiveCfg = Debug|Any CPU
		{2D8865F9-51EF-4152-A458-4E180ADE7D7A}.Debug|x64.Build.0 = Debug|Any CPU
		{2D8865F9-51EF-4152-A458-4E180ADE7D7A}.Debug|x86.ActiveCfg = Debug|Any CPU
		{2D8865F9-51EF-4152-A458-4E180ADE7D7A}.Debug|x86.Build.0 = Debug|Any CPU
		{2D8865F9-51EF-4152-A458-4E180ADE7D7A}.Release|Any CPU.ActiveCfg = Release|Any CPU
		{2D8865F9-51EF-4152-A458-4E180ADE7D7A}.Release|Any CPU.Build.0 = Release|Any CPU
		{2D8865F9-51EF-4152-A458-4E180ADE7D7A}.Release|x64.ActiveCfg = Release|Any CPU
		{2D8865F9-51EF-4152-A458-4E180ADE7D7A}.Release|x64.Build.0 = Release|Any CPU
		{2D8865F9-51EF-4152-A458-4E180ADE7D7A}.Release|x86.ActiveCfg = Release|Any CPU
		{2D8865F9-51EF-4152-A458-4E180ADE7D7A}.Release|x86.Build.0 = Release|Any CPU
		{47861E55-526A-44A1-B3E6-89C10855D791}.Debug|Any CPU.ActiveCfg = Debug|Any CPU
		{47861E55-526A-44A1-B3E6-89C10855D791}.Debug|Any CPU.Build.0 = Debug|Any CPU
		{47861E55-526A-44A1-B3E6-89C10855D791}.Debug|x64.ActiveCfg = Debug|Any CPU
		{47861E55-526A-44A1-B3E6-89C10855D791}.Debug|x64.Build.0 = Debug|Any CPU
		{47861E55-526A-44A1-B3E6-89C10855D791}.Debug|x86.ActiveCfg = Debug|Any CPU
		{47861E55-526A-44A1-B3E6-89C10855D791}.Debug|x86.Build.0 = Debug|Any CPU
		{47861E55-526A-44A1-B3E6-89C10855D791}.Release|Any CPU.ActiveCfg = Release|Any CPU
		{47861E55-526A-44A1-B3E6-89C10855D791}.Release|Any CPU.Build.0 = Release|Any CPU
		{47861E55-526A-44A1-B3E6-89C10855D791}.Release|x64.ActiveCfg = Release|Any CPU
		{47861E55-526A-44A1-B3E6-89C10855D791}.Release|x64.Build.0 = Release|Any CPU
		{47861E55-526A-44A1-B3E6-89C10855D791}.Release|x86.ActiveCfg = Release|Any CPU
		{47861E55-526A-44A1-B3E6-89C10855D791}.Release|x86.Build.0 = Release|Any CPU
		{E156CA78-94B2-4E93-81ED-4CF26E8A9C18}.Debug|Any CPU.ActiveCfg = Debug|Any CPU
		{E156CA78-94B2-4E93-81ED-4CF26E8A9C18}.Debug|Any CPU.Build.0 = Debug|Any CPU
		{E156CA78-94B2-4E93-81ED-4CF26E8A9C18}.Debug|x64.ActiveCfg = Debug|Any CPU
		{E156CA78-94B2-4E93-81ED-4CF26E8A9C18}.Debug|x64.Build.0 = Debug|Any CPU
		{E156CA78-94B2-4E93-81ED-4CF26E8A9C18}.Debug|x86.ActiveCfg = Debug|Any CPU
		{E156CA78-94B2-4E93-81ED-4CF26E8A9C18}.Debug|x86.Build.0 = Debug|Any CPU
		{E156CA78-94B2-4E93-81ED-4CF26E8A9C18}.Release|Any CPU.ActiveCfg = Release|Any CPU
		{E156CA78-94B2-4E93-81ED-4CF26E8A9C18}.Release|Any CPU.Build.0 = Release|Any CPU
		{E156CA78-94B2-4E93-81ED-4CF26E8A9C18}.Release|x64.ActiveCfg = Release|Any CPU
		{E156CA78-94B2-4E93-81ED-4CF26E8A9C18}.Release|x64.Build.0 = Release|Any CPU
		{E156CA78-94B2-4E93-81ED-4CF26E8A9C18}.Release|x86.ActiveCfg = Release|Any CPU
		{E156CA78-94B2-4E93-81ED-4CF26E8A9C18}.Release|x86.Build.0 = Release|Any CPU
	EndGlobalSection
	GlobalSection(SolutionProperties) = preSolution
		HideSolutionNode = FALSE
	EndGlobalSection
EndGlobal
